
Microsoft Visual Studio Solution File, Format Version 12.00
# Visual Studio Version 16
VisualStudioVersion = 16.0.31702.278
MinimumVisualStudioVersion = 10.0.40219.1
Project("{FAE04EC0-301F-11D3-BF4B-00C04F79EFBC}") = "NetCrawler", "NetCrawler\NetCrawler.csproj", "{CB3CBFF4-D24F-4AB1-B6B6-59F60C8714BE}"
EndProject
Project("{FAE04EC0-301F-11D3-BF4B-00C04F79EFBC}") = "NetCrawler.Tests", "NetCrawler.Tests\NetCrawler.Tests.csproj", "{6DB1C552-0C66-4B63-A03B-10CB3330EE8E}"
EndProject
Global
	GlobalSection(SolutionConfigurationPlatforms) = preSolution
		Debug|Any CPU = Debug|Any CPU
		Release|Any CPU = Release|Any CPU
	EndGlobalSection
	GlobalSection(ProjectConfigurationPlatforms) = postSolution
		{CB3CBFF4-D24F-4AB1-B6B6-59F60C8714BE}.Debug|Any CPU.ActiveCfg = Debug|Any CPU
		{CB3CBFF4-D24F-4AB1-B6B6-59F60C8714BE}.Debug|Any CPU.Build.0 = Debug|Any CPU
		{CB3CBFF4-D24F-4AB1-B6B6-59F60C8714BE}.Release|Any CPU.ActiveCfg = Release|Any CPU
		{CB3CBFF4-D24F-4AB1-B6B6-59F60C8714BE}.Release|Any CPU.Build.0 = Release|Any CPU
		{6DB1C552-0C66-4B63-A03B-10CB3330EE8E}.Debug|Any CPU.ActiveCfg = Debug|Any CPU
		{6DB1C552-0C66-4B63-A03B-10CB3330EE8E}.Debug|Any CPU.Build.0 = Debug|Any CPU
		{6DB1C552-0C66-4B63-A03B-10CB3330EE8E}.Release|Any CPU.ActiveCfg = Release|Any CPU
		{6DB1C552-0C66-4B63-A03B-10CB3330EE8E}.Release|Any CPU.Build.0 = Release|Any CPU
	EndGlobalSection
	GlobalSection(SolutionProperties) = preSolution
		HideSolutionNode = FALSE
	EndGlobalSection
	GlobalSection(ExtensibilityGlobals) = postSolution
		SolutionGuid = {E44C6233-4A2B-4DEA-8A3F-3A62C0A440BE}
	EndGlobalSection
EndGlobal
